
Microsoft Visual Studio Solution File, Format Version 12.00
# Visual Studio Version 17
VisualStudioVersion = 17.0.32112.339
MinimumVisualStudioVersion = 10.0.40219.1
Project("{2150E333-8FDC-42A3-9474-1A3956D46DE8}") = ".docs", ".docs", "{2D769EB8-8EE0-4E2A-A7B4-1555C0881663}"
	ProjectSection(SolutionItems) = preProject
		..\LICENSE.txt = ..\LICENSE.txt
		..\PRIVACY.md = ..\PRIVACY.md
		..\README.md = ..\README.md
	EndProjectSection
EndProject
Project("{9A19103F-16F7-4668-BE54-9A1E7A4F7556}") = "VirtualDesktop", "VirtualDesktop\src\VirtualDesktop\VirtualDesktop.csproj", "{E2A4EF40-2B89-4719-922F-DCCEF0E408AD}"
EndProject
Project("{FAE04EC0-301F-11D3-BF4B-00C04F79EFBC}") = "SylphyHorn.old", "SylphyHorn.old\SylphyHorn.old.csproj", "{5B1F3C87-DE54-4BFD-86C9-87181F7FDC2D}"
EndProject
Project("{9A19103F-16F7-4668-BE54-9A1E7A4F7556}") = "SylphyHorn.old.Core", "SylphyHorn.Core.old\SylphyHorn.old.Core.csproj", "{8D55830D-9B26-494C-99AC-2D8282FD03CC}"
EndProject
Project("{9A19103F-16F7-4668-BE54-9A1E7A4F7556}") = "SylphyHorn", "SylphyHorn\SylphyHorn.csproj", "{BD6552FF-BEA2-4C96-82C0-AE47E206674E}"
EndProject
Project("{9A19103F-16F7-4668-BE54-9A1E7A4F7556}") = "SylphyHorn.Keyhook", "SylphyHorn.Keyhook\SylphyHorn.Keyhook.csproj", "{0D4F3D09-D31E-4C68-9253-AD11A17A67F0}"
EndProject
Project("{9A19103F-16F7-4668-BE54-9A1E7A4F7556}") = "SylphyHorn.Services", "SylphyHorn.Services\SylphyHorn.Services.csproj", "{D63AF9ED-17BF-47EB-A8B1-B711EF1D43B0}"
EndProject
Project("{2150E333-8FDC-42A3-9474-1A3956D46DE8}") = ".old", ".old", "{B340FFC3-44AD-4AC4-B3CD-003E46609AF4}"
EndProject
Project("{9A19103F-16F7-4668-BE54-9A1E7A4F7556}") = "SylphyHorn.UI.WPF", "SylphyHorn.UI.WPF\SylphyHorn.UI.WPF.csproj", "{1E1845CA-1ECE-4312-BF5D-4D1963745393}"
EndProject
Global
	GlobalSection(SolutionConfigurationPlatforms) = preSolution
		Debug (AppX)|Any CPU = Debug (AppX)|Any CPU
		Debug (AppX)|ARM = Debug (AppX)|ARM
		Debug (AppX)|x64 = Debug (AppX)|x64
		Debug (AppX)|x86 = Debug (AppX)|x86
		Debug|Any CPU = Debug|Any CPU
		Debug|ARM = Debug|ARM
		Debug|x64 = Debug|x64
		Debug|x86 = Debug|x86
		Release (AppX)|Any CPU = Release (AppX)|Any CPU
		Release (AppX)|ARM = Release (AppX)|ARM
		Release (AppX)|x64 = Release (AppX)|x64
		Release (AppX)|x86 = Release (AppX)|x86
		Release|Any CPU = Release|Any CPU
		Release|ARM = Release|ARM
		Release|x64 = Release|x64
		Release|x86 = Release|x86
	EndGlobalSection
	GlobalSection(ProjectConfigurationPlatforms) = postSolution
		{E2A4EF40-2B89-4719-922F-DCCEF0E408AD}.Debug (AppX)|Any CPU.ActiveCfg = Debug|Any CPU
		{E2A4EF40-2B89-4719-922F-DCCEF0E408AD}.Debug (AppX)|Any CPU.Build.0 = Debug|Any CPU
		{E2A4EF40-2B89-4719-922F-DCCEF0E408AD}.Debug (AppX)|ARM.ActiveCfg = Debug|Any CPU
		{E2A4EF40-2B89-4719-922F-DCCEF0E408AD}.Debug (AppX)|ARM.Build.0 = Debug|Any CPU
		{E2A4EF40-2B89-4719-922F-DCCEF0E408AD}.Debug (AppX)|x64.ActiveCfg = Debug|Any CPU
		{E2A4EF40-2B89-4719-922F-DCCEF0E408AD}.Debug (AppX)|x64.Build.0 = Debug|Any CPU
		{E2A4EF40-2B89-4719-922F-DCCEF0E408AD}.Debug (AppX)|x86.ActiveCfg = Debug|Any CPU
		{E2A4EF40-2B89-4719-922F-DCCEF0E408AD}.Debug (AppX)|x86.Build.0 = Debug|Any CPU
		{E2A4EF40-2B89-4719-922F-DCCEF0E408AD}.Debug|Any CPU.ActiveCfg = Debug|Any CPU
		{E2A4EF40-2B89-4719-922F-DCCEF0E408AD}.Debug|Any CPU.Build.0 = Debug|Any CPU
		{E2A4EF40-2B89-4719-922F-DCCEF0E408AD}.Debug|ARM.ActiveCfg = Debug|Any CPU
		{E2A4EF40-2B89-4719-922F-DCCEF0E408AD}.Debug|ARM.Build.0 = Debug|Any CPU
		{E2A4EF40-2B89-4719-922F-DCCEF0E408AD}.Debug|x64.ActiveCfg = Debug|Any CPU
		{E2A4EF40-2B89-4719-922F-DCCEF0E408AD}.Debug|x64.Build.0 = Debug|Any CPU
		{E2A4EF40-2B89-4719-922F-DCCEF0E408AD}.Debug|x86.ActiveCfg = Debug|Any CPU
		{E2A4EF40-2B89-4719-922F-DCCEF0E408AD}.Debug|x86.Build.0 = Debug|Any CPU
		{E2A4EF40-2B89-4719-922F-DCCEF0E408AD}.Release (AppX)|Any CPU.ActiveCfg = Release|Any CPU
		{E2A4EF40-2B89-4719-922F-DCCEF0E408AD}.Release (AppX)|Any CPU.Build.0 = Release|Any CPU
		{E2A4EF40-2B89-4719-922F-DCCEF0E408AD}.Release (AppX)|ARM.ActiveCfg = Release|Any CPU
		{E2A4EF40-2B89-4719-922F-DCCEF0E408AD}.Release (AppX)|ARM.Build.0 = Release|Any CPU
		{E2A4EF40-2B89-4719-922F-DCCEF0E408AD}.Release (AppX)|x64.ActiveCfg = Release|Any CPU
		{E2A4EF40-2B89-4719-922F-DCCEF0E408AD}.Release (AppX)|x64.Build.0 = Release|Any CPU
		{E2A4EF40-2B89-4719-922F-DCCEF0E408AD}.Release (AppX)|x86.ActiveCfg = Release|Any CPU
		{E2A4EF40-2B89-4719-922F-DCCEF0E408AD}.Release (AppX)|x86.Build.0 = Release|Any CPU
		{E2A4EF40-2B89-4719-922F-DCCEF0E408AD}.Release|Any CPU.ActiveCfg = Release|Any CPU
		{E2A4EF40-2B89-4719-922F-DCCEF0E408AD}.Release|Any CPU.Build.0 = Release|Any CPU
		{E2A4EF40-2B89-4719-922F-DCCEF0E408AD}.Release|ARM.ActiveCfg = Release|Any CPU
		{E2A4EF40-2B89-4719-922F-DCCEF0E408AD}.Release|ARM.Build.0 = Release|Any CPU
		{E2A4EF40-2B89-4719-922F-DCCEF0E408AD}.Release|x64.ActiveCfg = Release|Any CPU
		{E2A4EF40-2B89-4719-922F-DCCEF0E408AD}.Release|x64.Build.0 = Release|Any CPU
		{E2A4EF40-2B89-4719-922F-DCCEF0E408AD}.Release|x86.ActiveCfg = Release|Any CPU
		{E2A4EF40-2B89-4719-922F-DCCEF0E408AD}.Release|x86.Build.0 = Release|Any CPU
		{5B1F3C87-DE54-4BFD-86C9-87181F7FDC2D}.Debug (AppX)|Any CPU.ActiveCfg = Debug (AppX)|Any CPU
		{5B1F3C87-DE54-4BFD-86C9-87181F7FDC2D}.Debug (AppX)|Any CPU.Build.0 = Debug (AppX)|Any CPU
		{5B1F3C87-DE54-4BFD-86C9-87181F7FDC2D}.Debug (AppX)|ARM.ActiveCfg = Debug (AppX)|Any CPU
		{5B1F3C87-DE54-4BFD-86C9-87181F7FDC2D}.Debug (AppX)|ARM.Build.0 = Debug (AppX)|Any CPU
		{5B1F3C87-DE54-4BFD-86C9-87181F7FDC2D}.Debug (AppX)|x64.ActiveCfg = Debug (AppX)|x64
		{5B1F3C87-DE54-4BFD-86C9-87181F7FDC2D}.Debug (AppX)|x64.Build.0 = Debug (AppX)|x64
		{5B1F3C87-DE54-4BFD-86C9-87181F7FDC2D}.Debug (AppX)|x86.ActiveCfg = Debug (AppX)|x86
		{5B1F3C87-DE54-4BFD-86C9-87181F7FDC2D}.Debug (AppX)|x86.Build.0 = Debug (AppX)|x86
		{5B1F3C87-DE54-4BFD-86C9-87181F7FDC2D}.Debug|Any CPU.ActiveCfg = Debug|Any CPU
		{5B1F3C87-DE54-4BFD-86C9-87181F7FDC2D}.Debug|ARM.ActiveCfg = Debug|Any CPU
		{5B1F3C87-DE54-4BFD-86C9-87181F7FDC2D}.Debug|ARM.Build.0 = Debug|Any CPU
		{5B1F3C87-DE54-4BFD-86C9-87181F7FDC2D}.Debug|x64.ActiveCfg = Debug|x64
		{5B1F3C87-DE54-4BFD-86C9-87181F7FDC2D}.Debug|x64.Build.0 = Debug|x64
		{5B1F3C87-DE54-4BFD-86C9-87181F7FDC2D}.Debug|x86.ActiveCfg = Debug|x86
		{5B1F3C87-DE54-4BFD-86C9-87181F7FDC2D}.Debug|x86.Build.0 = Debug|x86
		{5B1F3C87-DE54-4BFD-86C9-87181F7FDC2D}.Release (AppX)|Any CPU.ActiveCfg = Release (AppX)|Any CPU
		{5B1F3C87-DE54-4BFD-86C9-87181F7FDC2D}.Release (AppX)|Any CPU.Build.0 = Release (AppX)|Any CPU
		{5B1F3C87-DE54-4BFD-86C9-87181F7FDC2D}.Release (AppX)|ARM.ActiveCfg = Release (AppX)|Any CPU
		{5B1F3C87-DE54-4BFD-86C9-87181F7FDC2D}.Release (AppX)|ARM.Build.0 = Release (AppX)|Any CPU
		{5B1F3C87-DE54-4BFD-86C9-87181F7FDC2D}.Release (AppX)|x64.ActiveCfg = Release (AppX)|x64
		{5B1F3C87-DE54-4BFD-86C9-87181F7FDC2D}.Release (AppX)|x64.Build.0 = Release (AppX)|x64
		{5B1F3C87-DE54-4BFD-86C9-87181F7FDC2D}.Release (AppX)|x86.ActiveCfg = Release (AppX)|x86
		{5B1F3C87-DE54-4BFD-86C9-87181F7FDC2D}.Release (AppX)|x86.Build.0 = Release (AppX)|x86
		{5B1F3C87-DE54-4BFD-86C9-87181F7FDC2D}.Release|Any CPU.ActiveCfg = Release|Any CPU
		{5B1F3C87-DE54-4BFD-86C9-87181F7FDC2D}.Release|ARM.ActiveCfg = Release|Any CPU
		{5B1F3C87-DE54-4BFD-86C9-87181F7FDC2D}.Release|ARM.Build.0 = Release|Any CPU
		{5B1F3C87-DE54-4BFD-86C9-87181F7FDC2D}.Release|x64.ActiveCfg = Release|x64
		{5B1F3C87-DE54-4BFD-86C9-87181F7FDC2D}.Release|x64.Build.0 = Release|x64
		{5B1F3C87-DE54-4BFD-86C9-87181F7FDC2D}.Release|x86.ActiveCfg = Release|x86
		{5B1F3C87-DE54-4BFD-86C9-87181F7FDC2D}.Release|x86.Build.0 = Release|x86
		{8D55830D-9B26-494C-99AC-2D8282FD03CC}.Debug (AppX)|Any CPU.ActiveCfg = Debug|Any CPU
		{8D55830D-9B26-494C-99AC-2D8282FD03CC}.Debug (AppX)|Any CPU.Build.0 = Debug|Any CPU
		{8D55830D-9B26-494C-99AC-2D8282FD03CC}.Debug (AppX)|ARM.ActiveCfg = Debug|Any CPU
		{8D55830D-9B26-494C-99AC-2D8282FD03CC}.Debug (AppX)|ARM.Build.0 = Debug|Any CPU
		{8D55830D-9B26-494C-99AC-2D8282FD03CC}.Debug (AppX)|x64.ActiveCfg = Debug|Any CPU
		{8D55830D-9B26-494C-99AC-2D8282FD03CC}.Debug (AppX)|x64.Build.0 = Debug|Any CPU
		{8D55830D-9B26-494C-99AC-2D8282FD03CC}.Debug (AppX)|x86.ActiveCfg = Debug|Any CPU
		{8D55830D-9B26-494C-99AC-2D8282FD03CC}.Debug (AppX)|x86.Build.0 = Debug|Any CPU
		{8D55830D-9B26-494C-99AC-2D8282FD03CC}.Debug|Any CPU.ActiveCfg = Debug|Any CPU
		{8D55830D-9B26-494C-99AC-2D8282FD03CC}.Debug|ARM.ActiveCfg = Debug|Any CPU
		{8D55830D-9B26-494C-99AC-2D8282FD03CC}.Debug|ARM.Build.0 = Debug|Any CPU
		{8D55830D-9B26-494C-99AC-2D8282FD03CC}.Debug|x64.ActiveCfg = Debug|Any CPU
		{8D55830D-9B26-494C-99AC-2D8282FD03CC}.Debug|x64.Build.0 = Debug|Any CPU
		{8D55830D-9B26-494C-99AC-2D8282FD03CC}.Debug|x86.ActiveCfg = Debug|Any CPU
		{8D55830D-9B26-494C-99AC-2D8282FD03CC}.Debug|x86.Build.0 = Debug|Any CPU
		{8D55830D-9B26-494C-99AC-2D8282FD03CC}.Release (AppX)|Any CPU.ActiveCfg = Release|Any CPU
		{8D55830D-9B26-494C-99AC-2D8282FD03CC}.Release (AppX)|Any CPU.Build.0 = Release|Any CPU
		{8D55830D-9B26-494C-99AC-2D8282FD03CC}.Release (AppX)|ARM.ActiveCfg = Release|Any CPU
		{8D55830D-9B26-494C-99AC-2D8282FD03CC}.Release (AppX)|ARM.Build.0 = Release|Any CPU
		{8D55830D-9B26-494C-99AC-2D8282FD03CC}.Release (AppX)|x64.ActiveCfg = Release|Any CPU
		{8D55830D-9B26-494C-99AC-2D8282FD03CC}.Release (AppX)|x64.Build.0 = Release|Any CPU
		{8D55830D-9B26-494C-99AC-2D8282FD03CC}.Release (AppX)|x86.ActiveCfg = Release|Any CPU
		{8D55830D-9B26-494C-99AC-2D8282FD03CC}.Release (AppX)|x86.Build.0 = Release|Any CPU
		{8D55830D-9B26-494C-99AC-2D8282FD03CC}.Release|Any CPU.ActiveCfg = Release|Any CPU
		{8D55830D-9B26-494C-99AC-2D8282FD03CC}.Release|ARM.ActiveCfg = Release|Any CPU
		{8D55830D-9B26-494C-99AC-2D8282FD03CC}.Release|ARM.Build.0 = Release|Any CPU
		{8D55830D-9B26-494C-99AC-2D8282FD03CC}.Release|x64.ActiveCfg = Release|Any CPU
		{8D55830D-9B26-494C-99AC-2D8282FD03CC}.Release|x64.Build.0 = Release|Any CPU
		{8D55830D-9B26-494C-99AC-2D8282FD03CC}.Release|x86.ActiveCfg = Release|Any CPU
		{8D55830D-9B26-494C-99AC-2D8282FD03CC}.Release|x86.Build.0 = Release|Any CPU
		{BD6552FF-BEA2-4C96-82C0-AE47E206674E}.Debug (AppX)|Any CPU.ActiveCfg = Debug|Any CPU
		{BD6552FF-BEA2-4C96-82C0-AE47E206674E}.Debug (AppX)|Any CPU.Build.0 = Debug|Any CPU
		{BD6552FF-BEA2-4C96-82C0-AE47E206674E}.Debug (AppX)|ARM.ActiveCfg = Debug|Any CPU
		{BD6552FF-BEA2-4C96-82C0-AE47E206674E}.Debug (AppX)|ARM.Build.0 = Debug|Any CPU
		{BD6552FF-BEA2-4C96-82C0-AE47E206674E}.Debug (AppX)|x64.ActiveCfg = Debug|Any CPU
		{BD6552FF-BEA2-4C96-82C0-AE47E206674E}.Debug (AppX)|x64.Build.0 = Debug|Any CPU
		{BD6552FF-BEA2-4C96-82C0-AE47E206674E}.Debug (AppX)|x86.ActiveCfg = Debug|Any CPU
		{BD6552FF-BEA2-4C96-82C0-AE47E206674E}.Debug (AppX)|x86.Build.0 = Debug|Any CPU
		{BD6552FF-BEA2-4C96-82C0-AE47E206674E}.Debug|Any CPU.ActiveCfg = Debug|Any CPU
		{BD6552FF-BEA2-4C96-82C0-AE47E206674E}.Debug|Any CPU.Build.0 = Debug|Any CPU
		{BD6552FF-BEA2-4C96-82C0-AE47E206674E}.Debug|ARM.ActiveCfg = Debug|Any CPU
		{BD6552FF-BEA2-4C96-82C0-AE47E206674E}.Debug|ARM.Build.0 = Debug|Any CPU
		{BD6552FF-BEA2-4C96-82C0-AE47E206674E}.Debug|x64.ActiveCfg = Debug|Any CPU
		{BD6552FF-BEA2-4C96-82C0-AE47E206674E}.Debug|x64.Build.0 = Debug|Any CPU
		{BD6552FF-BEA2-4C96-82C0-AE47E206674E}.Debug|x86.ActiveCfg = Debug|Any CPU
		{BD6552FF-BEA2-4C96-82C0-AE47E206674E}.Debug|x86.Build.0 = Debug|Any CPU
		{BD6552FF-BEA2-4C96-82C0-AE47E206674E}.Release (AppX)|Any CPU.ActiveCfg = Release|Any CPU
		{BD6552FF-BEA2-4C96-82C0-AE47E206674E}.Release (AppX)|Any CPU.Build.0 = Release|Any CPU
		{BD6552FF-BEA2-4C96-82C0-AE47E206674E}.Release (AppX)|ARM.ActiveCfg = Release|Any CPU
		{BD6552FF-BEA2-4C96-82C0-AE47E206674E}.Release (AppX)|ARM.Build.0 = Release|Any CPU
		{BD6552FF-BEA2-4C96-82C0-AE47E206674E}.Release (AppX)|x64.ActiveCfg = Release|Any CPU
		{BD6552FF-BEA2-4C96-82C0-AE47E206674E}.Release (AppX)|x64.Build.0 = Release|Any CPU
		{BD6552FF-BEA2-4C96-82C0-AE47E206674E}.Release (AppX)|x86.ActiveCfg = Release|Any CPU
		{BD6552FF-BEA2-4C96-82C0-AE47E206674E}.Release (AppX)|x86.Build.0 = Release|Any CPU
		{BD6552FF-BEA2-4C96-82C0-AE47E206674E}.Release|Any CPU.ActiveCfg = Release|Any CPU
		{BD6552FF-BEA2-4C96-82C0-AE47E206674E}.Release|Any CPU.Build.0 = Release|Any CPU
		{BD6552FF-BEA2-4C96-82C0-AE47E206674E}.Release|ARM.ActiveCfg = Release|Any CPU
		{BD6552FF-BEA2-4C96-82C0-AE47E206674E}.Release|ARM.Build.0 = Release|Any CPU
		{BD6552FF-BEA2-4C96-82C0-AE47E206674E}.Release|x64.ActiveCfg = Release|Any CPU
		{BD6552FF-BEA2-4C96-82C0-AE47E206674E}.Release|x64.Build.0 = Release|Any CPU
		{BD6552FF-BEA2-4C96-82C0-AE47E206674E}.Release|x86.ActiveCfg = Release|Any CPU
		{BD6552FF-BEA2-4C96-82C0-AE47E206674E}.Release|x86.Build.0 = Release|Any CPU
		{0D4F3D09-D31E-4C68-9253-AD11A17A67F0}.Debug (AppX)|Any CPU.ActiveCfg = Debug|Any CPU
		{0D4F3D09-D31E-4C68-9253-AD11A17A67F0}.Debug (AppX)|Any CPU.Build.0 = Debug|Any CPU
		{0D4F3D09-D31E-4C68-9253-AD11A17A67F0}.Debug (AppX)|ARM.ActiveCfg = Debug|Any CPU
		{0D4F3D09-D31E-4C68-9253-AD11A17A67F0}.Debug (AppX)|ARM.Build.0 = Debug|Any CPU
		{0D4F3D09-D31E-4C68-9253-AD11A17A67F0}.Debug (AppX)|x64.ActiveCfg = Debug|Any CPU
		{0D4F3D09-D31E-4C68-9253-AD11A17A67F0}.Debug (AppX)|x64.Build.0 = Debug|Any CPU
		{0D4F3D09-D31E-4C68-9253-AD11A17A67F0}.Debug (AppX)|x86.ActiveCfg = Debug|Any CPU
		{0D4F3D09-D31E-4C68-9253-AD11A17A67F0}.Debug (AppX)|x86.Build.0 = Debug|Any CPU
		{0D4F3D09-D31E-4C68-9253-AD11A17A67F0}.Debug|Any CPU.ActiveCfg = Debug|Any CPU
		{0D4F3D09-D31E-4C68-9253-AD11A17A67F0}.Debug|Any CPU.Build.0 = Debug|Any CPU
		{0D4F3D09-D31E-4C68-9253-AD11A17A67F0}.Debug|ARM.ActiveCfg = Debug|Any CPU
		{0D4F3D09-D31E-4C68-9253-AD11A17A67F0}.Debug|ARM.Build.0 = Debug|Any CPU
		{0D4F3D09-D31E-4C68-9253-AD11A17A67F0}.Debug|x64.ActiveCfg = Debug|Any CPU
		{0D4F3D09-D31E-4C68-9253-AD11A17A67F0}.Debug|x64.Build.0 = Debug|Any CPU
		{0D4F3D09-D31E-4C68-9253-AD11A17A67F0}.Debug|x86.ActiveCfg = Debug|Any CPU
		{0D4F3D09-D31E-4C68-9253-AD11A17A67F0}.Debug|x86.Build.0 = Debug|Any CPU
		{0D4F3D09-D31E-4C68-9253-AD11A17A67F0}.Release (AppX)|Any CPU.ActiveCfg = Release|Any CPU
		{0D4F3D09-D31E-4C68-9253-AD11A17A67F0}.Release (AppX)|Any CPU.Build.0 = Release|Any CPU
		{0D4F3D09-D31E-4C68-9253-AD11A17A67F0}.Release (AppX)|ARM.ActiveCfg = Release|Any CPU
		{0D4F3D09-D31E-4C68-9253-AD11A17A67F0}.Release (AppX)|ARM.Build.0 = Release|Any CPU
		{0D4F3D09-D31E-4C68-9253-AD11A17A67F0}.Release (AppX)|x64.ActiveCfg = Release|Any CPU
		{0D4F3D09-D31E-4C68-9253-AD11A17A67F0}.Release (AppX)|x64.Build.0 = Release|Any CPU
		{0D4F3D09-D31E-4C68-9253-AD11A17A67F0}.Release (AppX)|x86.ActiveCfg = Release|Any CPU
		{0D4F3D09-D31E-4C68-9253-AD11A17A67F0}.Release (AppX)|x86.Build.0 = Release|Any CPU
		{0D4F3D09-D31E-4C68-9253-AD11A17A67F0}.Release|Any CPU.ActiveCfg = Release|Any CPU
		{0D4F3D09-D31E-4C68-9253-AD11A17A67F0}.Release|Any CPU.Build.0 = Release|Any CPU
		{0D4F3D09-D31E-4C68-9253-AD11A17A67F0}.Release|ARM.ActiveCfg = Release|Any CPU
		{0D4F3D09-D31E-4C68-9253-AD11A17A67F0}.Release|ARM.Build.0 = Release|Any CPU
		{0D4F3D09-D31E-4C68-9253-AD11A17A67F0}.Release|x64.ActiveCfg = Release|Any CPU
		{0D4F3D09-D31E-4C68-9253-AD11A17A67F0}.Release|x64.Build.0 = Release|Any CPU
		{0D4F3D09-D31E-4C68-9253-AD11A17A67F0}.Release|x86.ActiveCfg = Release|Any CPU
		{0D4F3D09-D31E-4C68-9253-AD11A17A67F0}.Release|x86.Build.0 = Release|Any CPU
		{D63AF9ED-17BF-47EB-A8B1-B711EF1D43B0}.Debug (AppX)|Any CPU.ActiveCfg = Debug|Any CPU
		{D63AF9ED-17BF-47EB-A8B1-B711EF1D43B0}.Debug (AppX)|Any CPU.Build.0 = Debug|Any CPU
		{D63AF9ED-17BF-47EB-A8B1-B711EF1D43B0}.Debug (AppX)|ARM.ActiveCfg = Debug|Any CPU
		{D63AF9ED-17BF-47EB-A8B1-B711EF1D43B0}.Debug (AppX)|ARM.Build.0 = Debug|Any CPU
		{D63AF9ED-17BF-47EB-A8B1-B711EF1D43B0}.Debug (AppX)|x64.ActiveCfg = Debug|Any CPU
		{D63AF9ED-17BF-47EB-A8B1-B711EF1D43B0}.Debug (AppX)|x64.Build.0 = Debug|Any CPU
		{D63AF9ED-17BF-47EB-A8B1-B711EF1D43B0}.Debug (AppX)|x86.ActiveCfg = Debug|Any CPU
		{D63AF9ED-17BF-47EB-A8B1-B711EF1D43B0}.Debug (AppX)|x86.Build.0 = Debug|Any CPU
		{D63AF9ED-17BF-47EB-A8B1-B711EF1D43B0}.Debug|Any CPU.ActiveCfg = Debug|Any CPU
		{D63AF9ED-17BF-47EB-A8B1-B711EF1D43B0}.Debug|Any CPU.Build.0 = Debug|Any CPU
		{D63AF9ED-17BF-47EB-A8B1-B711EF1D43B0}.Debug|ARM.ActiveCfg = Debug|Any CPU
		{D63AF9ED-17BF-47EB-A8B1-B711EF1D43B0}.Debug|ARM.Build.0 = Debug|Any CPU
		{D63AF9ED-17BF-47EB-A8B1-B711EF1D43B0}.Debug|x64.ActiveCfg = Debug|Any CPU
		{D63AF9ED-17BF-47EB-A8B1-B711EF1D43B0}.Debug|x64.Build.0 = Debug|Any CPU
		{D63AF9ED-17BF-47EB-A8B1-B711EF1D43B0}.Debug|x86.ActiveCfg = Debug|Any CPU
		{D63AF9ED-17BF-47EB-A8B1-B711EF1D43B0}.Debug|x86.Build.0 = Debug|Any CPU
		{D63AF9ED-17BF-47EB-A8B1-B711EF1D43B0}.Release (AppX)|Any CPU.ActiveCfg = Release|Any CPU
		{D63AF9ED-17BF-47EB-A8B1-B711EF1D43B0}.Release (AppX)|Any CPU.Build.0 = Release|Any CPU
		{D63AF9ED-17BF-47EB-A8B1-B711EF1D43B0}.Release (AppX)|ARM.ActiveCfg = Release|Any CPU
		{D63AF9ED-17BF-47EB-A8B1-B711EF1D43B0}.Release (AppX)|ARM.Build.0 = Release|Any CPU
		{D63AF9ED-17BF-47EB-A8B1-B711EF1D43B0}.Release (AppX)|x64.ActiveCfg = Release|Any CPU
		{D63AF9ED-17BF-47EB-A8B1-B711EF1D43B0}.Release (AppX)|x64.Build.0 = Release|Any CPU
		{D63AF9ED-17BF-47EB-A8B1-B711EF1D43B0}.Release (AppX)|x86.ActiveCfg = Release|Any CPU
		{D63AF9ED-17BF-47EB-A8B1-B711EF1D43B0}.Release (AppX)|x86.Build.0 = Release|Any CPU
		{D63AF9ED-17BF-47EB-A8B1-B711EF1D43B0}.Release|Any CPU.ActiveCfg = Release|Any CPU
		{D63AF9ED-17BF-47EB-A8B1-B711EF1D43B0}.Release|Any CPU.Build.0 = Release|Any CPU
		{D63AF9ED-17BF-47EB-A8B1-B711EF1D43B0}.Release|ARM.ActiveCfg = Release|Any CPU
		{D63AF9ED-17BF-47EB-A8B1-B711EF1D43B0}.Release|ARM.Build.0 = Release|Any CPU
		{D63AF9ED-17BF-47EB-A8B1-B711EF1D43B0}.Release|x64.ActiveCfg = Release|Any CPU
		{D63AF9ED-17BF-47EB-A8B1-B711EF1D43B0}.Release|x64.Build.0 = Release|Any CPU
		{D63AF9ED-17BF-47EB-A8B1-B711EF1D43B0}.Release|x86.ActiveCfg = Release|Any CPU
		{D63AF9ED-17BF-47EB-A8B1-B711EF1D43B0}.Release|x86.Build.0 = Release|Any CPU
		{1E1845CA-1ECE-4312-BF5D-4D1963745393}.Debug (AppX)|Any CPU.ActiveCfg = Debug|Any CPU
		{1E1845CA-1ECE-4312-BF5D-4D1963745393}.Debug (AppX)|Any CPU.Build.0 = Debug|Any CPU
		{1E1845CA-1ECE-4312-BF5D-4D1963745393}.Debug (AppX)|ARM.ActiveCfg = Debug|Any CPU
		{1E1845CA-1ECE-4312-BF5D-4D1963745393}.Debug (AppX)|ARM.Build.0 = Debug|Any CPU
		{1E1845CA-1ECE-4312-BF5D-4D1963745393}.Debug (AppX)|x64.ActiveCfg = Debug|Any CPU
		{1E1845CA-1ECE-4312-BF5D-4D1963745393}.Debug (AppX)|x64.Build.0 = Debug|Any CPU
		{1E1845CA-1ECE-4312-BF5D-4D1963745393}.Debug (AppX)|x86.ActiveCfg = Debug|Any CPU
		{1E1845CA-1ECE-4312-BF5D-4D1963745393}.Debug (AppX)|x86.Build.0 = Debug|Any CPU
		{1E1845CA-1ECE-4312-BF5D-4D1963745393}.Debug|Any CPU.ActiveCfg = Debug|Any CPU
		{1E1845CA-1ECE-4312-BF5D-4D1963745393}.Debug|Any CPU.Build.0 = Debug|Any CPU
		{1E1845CA-1ECE-4312-BF5D-4D1963745393}.Debug|ARM.ActiveCfg = Debug|Any CPU
		{1E1845CA-1ECE-4312-BF5D-4D1963745393}.Debug|ARM.Build.0 = Debug|Any CPU
		{1E1845CA-1ECE-4312-BF5D-4D1963745393}.Debug|x64.ActiveCfg = Debug|Any CPU
		{1E1845CA-1ECE-4312-BF5D-4D1963745393}.Debug|x64.Build.0 = Debug|Any CPU
		{1E1845CA-1ECE-4312-BF5D-4D1963745393}.Debug|x86.ActiveCfg = Debug|Any CPU
		{1E1845CA-1ECE-4312-BF5D-4D1963745393}.Debug|x86.Build.0 = Debug|Any CPU
		{1E1845CA-1ECE-4312-BF5D-4D1963745393}.Release (AppX)|Any CPU.ActiveCfg = Release|Any CPU
		{1E1845CA-1ECE-4312-BF5D-4D1963745393}.Release (AppX)|Any CPU.Build.0 = Release|Any CPU
		{1E1845CA-1ECE-4312-BF5D-4D1963745393}.Release (AppX)|ARM.ActiveCfg = Release|Any CPU
		{1E1845CA-1ECE-4312-BF5D-4D1963745393}.Release (AppX)|ARM.Build.0 = Release|Any CPU
		{1E1845CA-1ECE-4312-BF5D-4D1963745393}.Release (AppX)|x64.ActiveCfg = Release|Any CPU
		{1E1845CA-1ECE-4312-BF5D-4D1963745393}.Release (AppX)|x64.Build.0 = Release|Any CPU
		{1E1845CA-1ECE-4312-BF5D-4D1963745393}.Release (AppX)|x86.ActiveCfg = Release|Any CPU
		{1E1845CA-1ECE-4312-BF5D-4D1963745393}.Release (AppX)|x86.Build.0 = Release|Any CPU
		{1E1845CA-1ECE-4312-BF5D-4D1963745393}.Release|Any CPU.ActiveCfg = Release|Any CPU
		{1E1845CA-1ECE-4312-BF5D-4D1963745393}.Release|Any CPU.Build.0 = Release|Any CPU
		{1E1845CA-1ECE-4312-BF5D-4D1963745393}.Release|ARM.ActiveCfg = Release|Any CPU
		{1E1845CA-1ECE-4312-BF5D-4D1963745393}.Release|ARM.Build.0 = Release|Any CPU
		{1E1845CA-1ECE-4312-BF5D-4D1963745393}.Release|x64.ActiveCfg = Release|Any CPU
		{1E1845CA-1ECE-4312-BF5D-4D1963745393}.Release|x64.Build.0 = Release|Any CPU
		{1E1845CA-1ECE-4312-BF5D-4D1963745393}.Release|x86.ActiveCfg = Release|Any CPU
		{1E1845CA-1ECE-4312-BF5D-4D1963745393}.Release|x86.Build.0 = Release|Any CPU
	EndGlobalSection
	GlobalSection(SolutionProperties) = preSolution
		HideSolutionNode = FALSE
	EndGlobalSection
	GlobalSection(NestedProjects) = preSolution
		{5B1F3C87-DE54-4BFD-86C9-87181F7FDC2D} = {B340FFC3-44AD-4AC4-B3CD-003E46609AF4}
		{8D55830D-9B26-494C-99AC-2D8282FD03CC} = {B340FFC3-44AD-4AC4-B3CD-003E46609AF4}
	EndGlobalSection
	GlobalSection(ExtensibilityGlobals) = postSolution
		SolutionGuid = {A20A4BF8-F8F7-43AE-A4A4-293F37E6D90F}
	EndGlobalSection
EndGlobal
