
Microsoft Visual Studio Solution File, Format Version 12.00
# Visual Studio 14
VisualStudioVersion = 14.0.25420.1
MinimumVisualStudioVersion = 10.0.40219.1
Project("{FAE04EC0-301F-11D3-BF4B-00C04F79EFBC}") = "SylphyHorn", "SylphyHorn\SylphyHorn.csproj", "{5B1F3C87-DE54-4BFD-86C9-87181F7FDC2D}"
EndProject
Project("{2150E333-8FDC-42A3-9474-1A3956D46DE8}") = "VirtualDesktop", "VirtualDesktop", "{65847316-DFF7-497E-8542-B1F5E75803A1}"
EndProject
Project("{FAE04EC0-301F-11D3-BF4B-00C04F79EFBC}") = "VirtualDesktop", "VirtualDesktop\source\VirtualDesktop\VirtualDesktop.csproj", "{AB848ECD-76AA-41C0-B63D-86A8591B25AA}"
EndProject
Project("{FAE04EC0-301F-11D3-BF4B-00C04F79EFBC}") = "VirtualDesktop.WPF", "VirtualDesktop\source\VirtualDesktop.WPF\VirtualDesktop.WPF.csproj", "{9DD597C6-065A-4764-A96C-1B18C4EDED78}"
EndProject
Project("{FAE04EC0-301F-11D3-BF4B-00C04F79EFBC}") = "SylphyHorn.Core", "SylphyHorn.Core\SylphyHorn.Core.csproj", "{9F0EB092-DDFC-492E-9266-EF208C8E4D83}"
EndProject
Project("{2150E333-8FDC-42A3-9474-1A3956D46DE8}") = "Docs", "Docs", "{2D769EB8-8EE0-4E2A-A7B4-1555C0881663}"
	ProjectSection(SolutionItems) = preProject
		..\LICENSE.txt = ..\LICENSE.txt
		..\README.md = ..\README.md
	EndProjectSection
EndProject
Project("{2150E333-8FDC-42A3-9474-1A3956D46DE8}") = ".settings", ".settings", "{CC5D9C79-618E-4348-98B1-ACF41D8C0CB1}"
	ProjectSection(SolutionItems) = preProject
		.editorconfig = .editorconfig
		SylphyHorn.sln.DotSettings = SylphyHorn.sln.DotSettings
	EndProjectSection
EndProject
Global
	GlobalSection(SolutionConfigurationPlatforms) = preSolution
		Debug|Any CPU = Debug|Any CPU
		Debug|ARM = Debug|ARM
		Debug|x64 = Debug|x64
		Debug|x86 = Debug|x86
		Release (AppX)|Any CPU = Release (AppX)|Any CPU
		Release (AppX)|ARM = Release (AppX)|ARM
		Release (AppX)|x64 = Release (AppX)|x64
		Release (AppX)|x86 = Release (AppX)|x86
		Release|Any CPU = Release|Any CPU
		Release|ARM = Release|ARM
		Release|x64 = Release|x64
		Release|x86 = Release|x86
	EndGlobalSection
	GlobalSection(ProjectConfigurationPlatforms) = postSolution
		{5B1F3C87-DE54-4BFD-86C9-87181F7FDC2D}.Debug|Any CPU.ActiveCfg = Debug|Any CPU
		{5B1F3C87-DE54-4BFD-86C9-87181F7FDC2D}.Debug|Any CPU.Build.0 = Debug|Any CPU
		{5B1F3C87-DE54-4BFD-86C9-87181F7FDC2D}.Debug|ARM.ActiveCfg = Debug|Any CPU
		{5B1F3C87-DE54-4BFD-86C9-87181F7FDC2D}.Debug|ARM.Build.0 = Debug|Any CPU
		{5B1F3C87-DE54-4BFD-86C9-87181F7FDC2D}.Debug|x64.ActiveCfg = Debug|x64
		{5B1F3C87-DE54-4BFD-86C9-87181F7FDC2D}.Debug|x64.Build.0 = Debug|x64
		{5B1F3C87-DE54-4BFD-86C9-87181F7FDC2D}.Debug|x86.ActiveCfg = Debug|x86
		{5B1F3C87-DE54-4BFD-86C9-87181F7FDC2D}.Debug|x86.Build.0 = Debug|x86
		{5B1F3C87-DE54-4BFD-86C9-87181F7FDC2D}.Release (AppX)|Any CPU.ActiveCfg = Release (AppX)|Any CPU
		{5B1F3C87-DE54-4BFD-86C9-87181F7FDC2D}.Release (AppX)|Any CPU.Build.0 = Release (AppX)|Any CPU
		{5B1F3C87-DE54-4BFD-86C9-87181F7FDC2D}.Release (AppX)|ARM.ActiveCfg = Release (AppX)|Any CPU
		{5B1F3C87-DE54-4BFD-86C9-87181F7FDC2D}.Release (AppX)|ARM.Build.0 = Release (AppX)|Any CPU
		{5B1F3C87-DE54-4BFD-86C9-87181F7FDC2D}.Release (AppX)|x64.ActiveCfg = Release (AppX)|x64
		{5B1F3C87-DE54-4BFD-86C9-87181F7FDC2D}.Release (AppX)|x64.Build.0 = Release (AppX)|x64
		{5B1F3C87-DE54-4BFD-86C9-87181F7FDC2D}.Release (AppX)|x86.ActiveCfg = Release (AppX)|x86
		{5B1F3C87-DE54-4BFD-86C9-87181F7FDC2D}.Release (AppX)|x86.Build.0 = Release (AppX)|x86
		{5B1F3C87-DE54-4BFD-86C9-87181F7FDC2D}.Release|Any CPU.ActiveCfg = Release|Any CPU
		{5B1F3C87-DE54-4BFD-86C9-87181F7FDC2D}.Release|Any CPU.Build.0 = Release|Any CPU
		{5B1F3C87-DE54-4BFD-86C9-87181F7FDC2D}.Release|ARM.ActiveCfg = Release|Any CPU
		{5B1F3C87-DE54-4BFD-86C9-87181F7FDC2D}.Release|ARM.Build.0 = Release|Any CPU
		{5B1F3C87-DE54-4BFD-86C9-87181F7FDC2D}.Release|x64.ActiveCfg = Release|x64
		{5B1F3C87-DE54-4BFD-86C9-87181F7FDC2D}.Release|x64.Build.0 = Release|x64
		{5B1F3C87-DE54-4BFD-86C9-87181F7FDC2D}.Release|x86.ActiveCfg = Release|x64
		{5B1F3C87-DE54-4BFD-86C9-87181F7FDC2D}.Release|x86.Build.0 = Release|x64
		{AB848ECD-76AA-41C0-B63D-86A8591B25AA}.Debug|Any CPU.ActiveCfg = Debug|Any CPU
		{AB848ECD-76AA-41C0-B63D-86A8591B25AA}.Debug|Any CPU.Build.0 = Debug|Any CPU
		{AB848ECD-76AA-41C0-B63D-86A8591B25AA}.Debug|ARM.ActiveCfg = Debug|Any CPU
		{AB848ECD-76AA-41C0-B63D-86A8591B25AA}.Debug|ARM.Build.0 = Debug|Any CPU
		{AB848ECD-76AA-41C0-B63D-86A8591B25AA}.Debug|x64.ActiveCfg = Debug|x64
		{AB848ECD-76AA-41C0-B63D-86A8591B25AA}.Debug|x64.Build.0 = Debug|x64
		{AB848ECD-76AA-41C0-B63D-86A8591B25AA}.Debug|x86.ActiveCfg = Debug|x86
		{AB848ECD-76AA-41C0-B63D-86A8591B25AA}.Debug|x86.Build.0 = Debug|x86
		{AB848ECD-76AA-41C0-B63D-86A8591B25AA}.Release (AppX)|Any CPU.ActiveCfg = Release|Any CPU
		{AB848ECD-76AA-41C0-B63D-86A8591B25AA}.Release (AppX)|Any CPU.Build.0 = Release|Any CPU
		{AB848ECD-76AA-41C0-B63D-86A8591B25AA}.Release (AppX)|ARM.ActiveCfg = Release|Any CPU
		{AB848ECD-76AA-41C0-B63D-86A8591B25AA}.Release (AppX)|ARM.Build.0 = Release|Any CPU
		{AB848ECD-76AA-41C0-B63D-86A8591B25AA}.Release (AppX)|x64.ActiveCfg = Release|x64
		{AB848ECD-76AA-41C0-B63D-86A8591B25AA}.Release (AppX)|x64.Build.0 = Release|x64
		{AB848ECD-76AA-41C0-B63D-86A8591B25AA}.Release (AppX)|x86.ActiveCfg = Release|x86
		{AB848ECD-76AA-41C0-B63D-86A8591B25AA}.Release (AppX)|x86.Build.0 = Release|x86
		{AB848ECD-76AA-41C0-B63D-86A8591B25AA}.Release|Any CPU.ActiveCfg = Release|Any CPU
		{AB848ECD-76AA-41C0-B63D-86A8591B25AA}.Release|Any CPU.Build.0 = Release|Any CPU
		{AB848ECD-76AA-41C0-B63D-86A8591B25AA}.Release|ARM.ActiveCfg = Release|Any CPU
		{AB848ECD-76AA-41C0-B63D-86A8591B25AA}.Release|ARM.Build.0 = Release|Any CPU
		{AB848ECD-76AA-41C0-B63D-86A8591B25AA}.Release|x64.ActiveCfg = Release|x64
		{AB848ECD-76AA-41C0-B63D-86A8591B25AA}.Release|x64.Build.0 = Release|x64
		{AB848ECD-76AA-41C0-B63D-86A8591B25AA}.Release|x86.ActiveCfg = Release|x64
		{AB848ECD-76AA-41C0-B63D-86A8591B25AA}.Release|x86.Build.0 = Release|x64
		{9DD597C6-065A-4764-A96C-1B18C4EDED78}.Debug|Any CPU.ActiveCfg = Debug|Any CPU
		{9DD597C6-065A-4764-A96C-1B18C4EDED78}.Debug|Any CPU.Build.0 = Debug|Any CPU
		{9DD597C6-065A-4764-A96C-1B18C4EDED78}.Debug|ARM.ActiveCfg = Debug|Any CPU
		{9DD597C6-065A-4764-A96C-1B18C4EDED78}.Debug|ARM.Build.0 = Debug|Any CPU
		{9DD597C6-065A-4764-A96C-1B18C4EDED78}.Debug|x64.ActiveCfg = Debug|x64
		{9DD597C6-065A-4764-A96C-1B18C4EDED78}.Debug|x64.Build.0 = Debug|x64
		{9DD597C6-065A-4764-A96C-1B18C4EDED78}.Debug|x86.ActiveCfg = Debug|x86
		{9DD597C6-065A-4764-A96C-1B18C4EDED78}.Debug|x86.Build.0 = Debug|x86
		{9DD597C6-065A-4764-A96C-1B18C4EDED78}.Release (AppX)|Any CPU.ActiveCfg = Release|Any CPU
		{9DD597C6-065A-4764-A96C-1B18C4EDED78}.Release (AppX)|Any CPU.Build.0 = Release|Any CPU
		{9DD597C6-065A-4764-A96C-1B18C4EDED78}.Release (AppX)|ARM.ActiveCfg = Release|Any CPU
		{9DD597C6-065A-4764-A96C-1B18C4EDED78}.Release (AppX)|ARM.Build.0 = Release|Any CPU
		{9DD597C6-065A-4764-A96C-1B18C4EDED78}.Release (AppX)|x64.ActiveCfg = Release|x64
		{9DD597C6-065A-4764-A96C-1B18C4EDED78}.Release (AppX)|x64.Build.0 = Release|x64
		{9DD597C6-065A-4764-A96C-1B18C4EDED78}.Release (AppX)|x86.ActiveCfg = Release|x86
		{9DD597C6-065A-4764-A96C-1B18C4EDED78}.Release (AppX)|x86.Build.0 = Release|x86
		{9DD597C6-065A-4764-A96C-1B18C4EDED78}.Release|Any CPU.ActiveCfg = Release|Any CPU
		{9DD597C6-065A-4764-A96C-1B18C4EDED78}.Release|Any CPU.Build.0 = Release|Any CPU
		{9DD597C6-065A-4764-A96C-1B18C4EDED78}.Release|ARM.ActiveCfg = Release|Any CPU
		{9DD597C6-065A-4764-A96C-1B18C4EDED78}.Release|ARM.Build.0 = Release|Any CPU
		{9DD597C6-065A-4764-A96C-1B18C4EDED78}.Release|x64.ActiveCfg = Release|x64
		{9DD597C6-065A-4764-A96C-1B18C4EDED78}.Release|x64.Build.0 = Release|x64
		{9DD597C6-065A-4764-A96C-1B18C4EDED78}.Release|x86.ActiveCfg = Release|x64
		{9DD597C6-065A-4764-A96C-1B18C4EDED78}.Release|x86.Build.0 = Release|x64
		{9F0EB092-DDFC-492E-9266-EF208C8E4D83}.Debug|Any CPU.ActiveCfg = Debug|Any CPU
		{9F0EB092-DDFC-492E-9266-EF208C8E4D83}.Debug|Any CPU.Build.0 = Debug|Any CPU
		{9F0EB092-DDFC-492E-9266-EF208C8E4D83}.Debug|ARM.ActiveCfg = Debug|Any CPU
		{9F0EB092-DDFC-492E-9266-EF208C8E4D83}.Debug|ARM.Build.0 = Debug|Any CPU
		{9F0EB092-DDFC-492E-9266-EF208C8E4D83}.Debug|x64.ActiveCfg = Debug|Any CPU
		{9F0EB092-DDFC-492E-9266-EF208C8E4D83}.Debug|x64.Build.0 = Debug|Any CPU
		{9F0EB092-DDFC-492E-9266-EF208C8E4D83}.Debug|x86.ActiveCfg = Debug|Any CPU
		{9F0EB092-DDFC-492E-9266-EF208C8E4D83}.Debug|x86.Build.0 = Debug|Any CPU
		{9F0EB092-DDFC-492E-9266-EF208C8E4D83}.Release (AppX)|Any CPU.ActiveCfg = Release|Any CPU
		{9F0EB092-DDFC-492E-9266-EF208C8E4D83}.Release (AppX)|Any CPU.Build.0 = Release|Any CPU
		{9F0EB092-DDFC-492E-9266-EF208C8E4D83}.Release (AppX)|ARM.ActiveCfg = Release (AppX)|Any CPU
		{9F0EB092-DDFC-492E-9266-EF208C8E4D83}.Release (AppX)|ARM.Build.0 = Release (AppX)|Any CPU
		{9F0EB092-DDFC-492E-9266-EF208C8E4D83}.Release (AppX)|x64.ActiveCfg = Release (AppX)|Any CPU
		{9F0EB092-DDFC-492E-9266-EF208C8E4D83}.Release (AppX)|x64.Build.0 = Release (AppX)|Any CPU
		{9F0EB092-DDFC-492E-9266-EF208C8E4D83}.Release (AppX)|x86.ActiveCfg = Release (AppX)|Any CPU
		{9F0EB092-DDFC-492E-9266-EF208C8E4D83}.Release (AppX)|x86.Build.0 = Release (AppX)|Any CPU
		{9F0EB092-DDFC-492E-9266-EF208C8E4D83}.Release|Any CPU.ActiveCfg = Release|Any CPU
		{9F0EB092-DDFC-492E-9266-EF208C8E4D83}.Release|Any CPU.Build.0 = Release|Any CPU
		{9F0EB092-DDFC-492E-9266-EF208C8E4D83}.Release|ARM.ActiveCfg = Release|Any CPU
		{9F0EB092-DDFC-492E-9266-EF208C8E4D83}.Release|ARM.Build.0 = Release|Any CPU
		{9F0EB092-DDFC-492E-9266-EF208C8E4D83}.Release|x64.ActiveCfg = Release|Any CPU
		{9F0EB092-DDFC-492E-9266-EF208C8E4D83}.Release|x64.Build.0 = Release|Any CPU
		{9F0EB092-DDFC-492E-9266-EF208C8E4D83}.Release|x86.ActiveCfg = Release|Any CPU
		{9F0EB092-DDFC-492E-9266-EF208C8E4D83}.Release|x86.Build.0 = Release|Any CPU
	EndGlobalSection
	GlobalSection(SolutionProperties) = preSolution
		HideSolutionNode = FALSE
	EndGlobalSection
	GlobalSection(NestedProjects) = preSolution
		{AB848ECD-76AA-41C0-B63D-86A8591B25AA} = {65847316-DFF7-497E-8542-B1F5E75803A1}
		{9DD597C6-065A-4764-A96C-1B18C4EDED78} = {65847316-DFF7-497E-8542-B1F5E75803A1}
	EndGlobalSection
EndGlobal
