
Microsoft Visual Studio Solution File, Format Version 12.00
# Visual Studio 14
VisualStudioVersion = 14.0.25420.1
MinimumVisualStudioVersion = 10.0.40219.1
Project("{FAE04EC0-301F-11D3-BF4B-00C04F79EFBC}") = "SylphyHorn", "SylphyHorn\SylphyHorn.csproj", "{5B1F3C87-DE54-4BFD-86C9-87181F7FDC2D}"
EndProject
Project("{2150E333-8FDC-42A3-9474-1A3956D46DE8}") = "VirtualDesktop", "VirtualDesktop", "{65847316-DFF7-497E-8542-B1F5E75803A1}"
EndProject
Project("{FAE04EC0-301F-11D3-BF4B-00C04F79EFBC}") = "VirtualDesktop", "VirtualDesktop\source\VirtualDesktop\VirtualDesktop.csproj", "{AB848ECD-76AA-41C0-B63D-86A8591B25AA}"
EndProject
Project("{FAE04EC0-301F-11D3-BF4B-00C04F79EFBC}") = "VirtualDesktop.WPF", "VirtualDesktop\source\VirtualDesktop.WPF\VirtualDesktop.WPF.csproj", "{9DD597C6-065A-4764-A96C-1B18C4EDED78}"
EndProject
Project("{FAE04EC0-301F-11D3-BF4B-00C04F79EFBC}") = "SylphyHorn.App", "SylphyHorn.App\SylphyHorn.App.csproj", "{A47FBADD-8C34-477E-BFC1-44892F302829}"
EndProject
Project("{FAE04EC0-301F-11D3-BF4B-00C04F79EFBC}") = "SylphyHorn.Core", "SylphyHorn.Core\SylphyHorn.Core.csproj", "{9F0EB092-DDFC-492E-9266-EF208C8E4D83}"
EndProject
Project("{2150E333-8FDC-42A3-9474-1A3956D46DE8}") = "Docs", "Docs", "{2D769EB8-8EE0-4E2A-A7B4-1555C0881663}"
	ProjectSection(SolutionItems) = preProject
		..\LICENSE.txt = ..\LICENSE.txt
		..\README.md = ..\README.md
	EndProjectSection
EndProject
Project("{2150E333-8FDC-42A3-9474-1A3956D46DE8}") = ".settings", ".settings", "{CC5D9C79-618E-4348-98B1-ACF41D8C0CB1}"
	ProjectSection(SolutionItems) = preProject
		.editorconfig = .editorconfig
		SylphyHorn.sln.DotSettings = SylphyHorn.sln.DotSettings
	EndProjectSection
EndProject
Project("{2150E333-8FDC-42A3-9474-1A3956D46DE8}") = "Setup", "Setup", "{FCB7F152-56CD-4D8D-B6C5-187CB5BACE57}"
EndProject
Project("{930C7802-8A8C-48F9-8165-68863BCCD9DD}") = "SylphyHorn.Installer", "Setup\SylphyHorn.Installer\SylphyHorn.Installer.wixproj", "{82054A5B-3FE8-4DAD-82A4-BF301AA8CD05}"
	ProjectSection(ProjectDependencies) = postProject
		{E4F0F4BC-DCEE-416E-AA43-457D51352F6B} = {E4F0F4BC-DCEE-416E-AA43-457D51352F6B}
	EndProjectSection
EndProject
Project("{FAE04EC0-301F-11D3-BF4B-00C04F79EFBC}") = "SylphyHorn.Installer.Gen", "Setup\SylphyHorn.Installer.Gen\SylphyHorn.Installer.Gen.csproj", "{E4F0F4BC-DCEE-416E-AA43-457D51352F6B}"
	ProjectSection(ProjectDependencies) = postProject
		{5B1F3C87-DE54-4BFD-86C9-87181F7FDC2D} = {5B1F3C87-DE54-4BFD-86C9-87181F7FDC2D}
	EndProjectSection
EndProject
Project("{930C7802-8A8C-48F9-8165-68863BCCD9DD}") = "SylphyHorn.Bootstrapper", "Setup\SylphyHorn.Bootstrapper\SylphyHorn.Bootstrapper.wixproj", "{85D1B40D-719C-4116-8118-A304E1A2B293}"
	ProjectSection(ProjectDependencies) = postProject
		{82054A5B-3FE8-4DAD-82A4-BF301AA8CD05} = {82054A5B-3FE8-4DAD-82A4-BF301AA8CD05}
		{C5AD027B-9937-4A9C-9A57-814693BCFE0C} = {C5AD027B-9937-4A9C-9A57-814693BCFE0C}
		{EEE159CA-14BE-439C-9153-2B14004C1482} = {EEE159CA-14BE-439C-9153-2B14004C1482}
	EndProjectSection
EndProject
Project("{FAE04EC0-301F-11D3-BF4B-00C04F79EFBC}") = "SylphyHorn.Bootstrapper.UI", "Setup\SylphyHorn.Bootstrapper.UI\SylphyHorn.Bootstrapper.UI.csproj", "{EEE159CA-14BE-439C-9153-2B14004C1482}"
EndProject
Project("{FAE04EC0-301F-11D3-BF4B-00C04F79EFBC}") = "SylphyHorn.Bootstrapper.Gen", "Setup\SylphyHorn.Bootstrapper.Gen\SylphyHorn.Bootstrapper.Gen.csproj", "{C5AD027B-9937-4A9C-9A57-814693BCFE0C}"
	ProjectSection(ProjectDependencies) = postProject
		{EEE159CA-14BE-439C-9153-2B14004C1482} = {EEE159CA-14BE-439C-9153-2B14004C1482}
	EndProjectSection
EndProject
Global
	GlobalSection(SolutionConfigurationPlatforms) = preSolution
		Debug|Any CPU = Debug|Any CPU
		Debug|ARM = Debug|ARM
		Debug|x64 = Debug|x64
		Debug|x86 = Debug|x86
		Release Installer|Any CPU = Release Installer|Any CPU
		Release Installer|ARM = Release Installer|ARM
		Release Installer|x64 = Release Installer|x64
		Release Installer|x86 = Release Installer|x86
		Release|Any CPU = Release|Any CPU
		Release|ARM = Release|ARM
		Release|x64 = Release|x64
		Release|x86 = Release|x86
	EndGlobalSection
	GlobalSection(ProjectConfigurationPlatforms) = postSolution
		{5B1F3C87-DE54-4BFD-86C9-87181F7FDC2D}.Debug|Any CPU.ActiveCfg = Debug|Any CPU
		{5B1F3C87-DE54-4BFD-86C9-87181F7FDC2D}.Debug|Any CPU.Build.0 = Debug|Any CPU
		{5B1F3C87-DE54-4BFD-86C9-87181F7FDC2D}.Debug|ARM.ActiveCfg = Debug|Any CPU
		{5B1F3C87-DE54-4BFD-86C9-87181F7FDC2D}.Debug|ARM.Build.0 = Debug|Any CPU
		{5B1F3C87-DE54-4BFD-86C9-87181F7FDC2D}.Debug|x64.ActiveCfg = Debug|x64
		{5B1F3C87-DE54-4BFD-86C9-87181F7FDC2D}.Debug|x64.Build.0 = Debug|x64
		{5B1F3C87-DE54-4BFD-86C9-87181F7FDC2D}.Debug|x86.ActiveCfg = Debug|x86
		{5B1F3C87-DE54-4BFD-86C9-87181F7FDC2D}.Debug|x86.Build.0 = Debug|x86
		{5B1F3C87-DE54-4BFD-86C9-87181F7FDC2D}.Release Installer|Any CPU.ActiveCfg = Release|Any CPU
		{5B1F3C87-DE54-4BFD-86C9-87181F7FDC2D}.Release Installer|Any CPU.Build.0 = Release|Any CPU
		{5B1F3C87-DE54-4BFD-86C9-87181F7FDC2D}.Release Installer|ARM.ActiveCfg = Release|Any CPU
		{5B1F3C87-DE54-4BFD-86C9-87181F7FDC2D}.Release Installer|ARM.Build.0 = Release|Any CPU
		{5B1F3C87-DE54-4BFD-86C9-87181F7FDC2D}.Release Installer|x64.ActiveCfg = Release|x64
		{5B1F3C87-DE54-4BFD-86C9-87181F7FDC2D}.Release Installer|x64.Build.0 = Release|x64
		{5B1F3C87-DE54-4BFD-86C9-87181F7FDC2D}.Release Installer|x86.ActiveCfg = Release|x64
		{5B1F3C87-DE54-4BFD-86C9-87181F7FDC2D}.Release Installer|x86.Build.0 = Release|x64
		{5B1F3C87-DE54-4BFD-86C9-87181F7FDC2D}.Release|Any CPU.ActiveCfg = Release|Any CPU
		{5B1F3C87-DE54-4BFD-86C9-87181F7FDC2D}.Release|Any CPU.Build.0 = Release|Any CPU
		{5B1F3C87-DE54-4BFD-86C9-87181F7FDC2D}.Release|ARM.ActiveCfg = Release|Any CPU
		{5B1F3C87-DE54-4BFD-86C9-87181F7FDC2D}.Release|ARM.Build.0 = Release|Any CPU
		{5B1F3C87-DE54-4BFD-86C9-87181F7FDC2D}.Release|x64.ActiveCfg = Release|x64
		{5B1F3C87-DE54-4BFD-86C9-87181F7FDC2D}.Release|x64.Build.0 = Release|x64
		{5B1F3C87-DE54-4BFD-86C9-87181F7FDC2D}.Release|x86.ActiveCfg = Release|x64
		{5B1F3C87-DE54-4BFD-86C9-87181F7FDC2D}.Release|x86.Build.0 = Release|x64
		{AB848ECD-76AA-41C0-B63D-86A8591B25AA}.Debug|Any CPU.ActiveCfg = Debug|Any CPU
		{AB848ECD-76AA-41C0-B63D-86A8591B25AA}.Debug|Any CPU.Build.0 = Debug|Any CPU
		{AB848ECD-76AA-41C0-B63D-86A8591B25AA}.Debug|ARM.ActiveCfg = Debug|Any CPU
		{AB848ECD-76AA-41C0-B63D-86A8591B25AA}.Debug|ARM.Build.0 = Debug|Any CPU
		{AB848ECD-76AA-41C0-B63D-86A8591B25AA}.Debug|x64.ActiveCfg = Debug|x64
		{AB848ECD-76AA-41C0-B63D-86A8591B25AA}.Debug|x64.Build.0 = Debug|x64
		{AB848ECD-76AA-41C0-B63D-86A8591B25AA}.Debug|x86.ActiveCfg = Debug|x86
		{AB848ECD-76AA-41C0-B63D-86A8591B25AA}.Debug|x86.Build.0 = Debug|x86
		{AB848ECD-76AA-41C0-B63D-86A8591B25AA}.Release Installer|Any CPU.ActiveCfg = Release|Any CPU
		{AB848ECD-76AA-41C0-B63D-86A8591B25AA}.Release Installer|Any CPU.Build.0 = Release|Any CPU
		{AB848ECD-76AA-41C0-B63D-86A8591B25AA}.Release Installer|ARM.ActiveCfg = Release|Any CPU
		{AB848ECD-76AA-41C0-B63D-86A8591B25AA}.Release Installer|ARM.Build.0 = Release|Any CPU
		{AB848ECD-76AA-41C0-B63D-86A8591B25AA}.Release Installer|x64.ActiveCfg = Release|x64
		{AB848ECD-76AA-41C0-B63D-86A8591B25AA}.Release Installer|x64.Build.0 = Release|x64
		{AB848ECD-76AA-41C0-B63D-86A8591B25AA}.Release Installer|x86.ActiveCfg = Release|x64
		{AB848ECD-76AA-41C0-B63D-86A8591B25AA}.Release Installer|x86.Build.0 = Release|x64
		{AB848ECD-76AA-41C0-B63D-86A8591B25AA}.Release|Any CPU.ActiveCfg = Release|Any CPU
		{AB848ECD-76AA-41C0-B63D-86A8591B25AA}.Release|Any CPU.Build.0 = Release|Any CPU
		{AB848ECD-76AA-41C0-B63D-86A8591B25AA}.Release|ARM.ActiveCfg = Release|Any CPU
		{AB848ECD-76AA-41C0-B63D-86A8591B25AA}.Release|ARM.Build.0 = Release|Any CPU
		{AB848ECD-76AA-41C0-B63D-86A8591B25AA}.Release|x64.ActiveCfg = Release|x64
		{AB848ECD-76AA-41C0-B63D-86A8591B25AA}.Release|x64.Build.0 = Release|x64
		{AB848ECD-76AA-41C0-B63D-86A8591B25AA}.Release|x86.ActiveCfg = Release|x64
		{AB848ECD-76AA-41C0-B63D-86A8591B25AA}.Release|x86.Build.0 = Release|x64
		{9DD597C6-065A-4764-A96C-1B18C4EDED78}.Debug|Any CPU.ActiveCfg = Debug|Any CPU
		{9DD597C6-065A-4764-A96C-1B18C4EDED78}.Debug|Any CPU.Build.0 = Debug|Any CPU
		{9DD597C6-065A-4764-A96C-1B18C4EDED78}.Debug|ARM.ActiveCfg = Debug|Any CPU
		{9DD597C6-065A-4764-A96C-1B18C4EDED78}.Debug|ARM.Build.0 = Debug|Any CPU
		{9DD597C6-065A-4764-A96C-1B18C4EDED78}.Debug|x64.ActiveCfg = Debug|x64
		{9DD597C6-065A-4764-A96C-1B18C4EDED78}.Debug|x64.Build.0 = Debug|x64
		{9DD597C6-065A-4764-A96C-1B18C4EDED78}.Debug|x86.ActiveCfg = Debug|x86
		{9DD597C6-065A-4764-A96C-1B18C4EDED78}.Debug|x86.Build.0 = Debug|x86
		{9DD597C6-065A-4764-A96C-1B18C4EDED78}.Release Installer|Any CPU.ActiveCfg = Release|Any CPU
		{9DD597C6-065A-4764-A96C-1B18C4EDED78}.Release Installer|Any CPU.Build.0 = Release|Any CPU
		{9DD597C6-065A-4764-A96C-1B18C4EDED78}.Release Installer|ARM.ActiveCfg = Release|Any CPU
		{9DD597C6-065A-4764-A96C-1B18C4EDED78}.Release Installer|ARM.Build.0 = Release|Any CPU
		{9DD597C6-065A-4764-A96C-1B18C4EDED78}.Release Installer|x64.ActiveCfg = Release|x64
		{9DD597C6-065A-4764-A96C-1B18C4EDED78}.Release Installer|x64.Build.0 = Release|x64
		{9DD597C6-065A-4764-A96C-1B18C4EDED78}.Release Installer|x86.ActiveCfg = Release|x64
		{9DD597C6-065A-4764-A96C-1B18C4EDED78}.Release Installer|x86.Build.0 = Release|x64
		{9DD597C6-065A-4764-A96C-1B18C4EDED78}.Release|Any CPU.ActiveCfg = Release|Any CPU
		{9DD597C6-065A-4764-A96C-1B18C4EDED78}.Release|Any CPU.Build.0 = Release|Any CPU
		{9DD597C6-065A-4764-A96C-1B18C4EDED78}.Release|ARM.ActiveCfg = Release|Any CPU
		{9DD597C6-065A-4764-A96C-1B18C4EDED78}.Release|ARM.Build.0 = Release|Any CPU
		{9DD597C6-065A-4764-A96C-1B18C4EDED78}.Release|x64.ActiveCfg = Release|x64
		{9DD597C6-065A-4764-A96C-1B18C4EDED78}.Release|x64.Build.0 = Release|x64
		{9DD597C6-065A-4764-A96C-1B18C4EDED78}.Release|x86.ActiveCfg = Release|x64
		{9DD597C6-065A-4764-A96C-1B18C4EDED78}.Release|x86.Build.0 = Release|x64
		{A47FBADD-8C34-477E-BFC1-44892F302829}.Debug|Any CPU.ActiveCfg = Debug|x86
		{A47FBADD-8C34-477E-BFC1-44892F302829}.Debug|Any CPU.Build.0 = Debug|x86
		{A47FBADD-8C34-477E-BFC1-44892F302829}.Debug|Any CPU.Deploy.0 = Debug|x86
		{A47FBADD-8C34-477E-BFC1-44892F302829}.Debug|ARM.ActiveCfg = Debug|ARM
		{A47FBADD-8C34-477E-BFC1-44892F302829}.Debug|ARM.Build.0 = Debug|ARM
		{A47FBADD-8C34-477E-BFC1-44892F302829}.Debug|ARM.Deploy.0 = Debug|ARM
		{A47FBADD-8C34-477E-BFC1-44892F302829}.Debug|x64.ActiveCfg = Debug|x64
		{A47FBADD-8C34-477E-BFC1-44892F302829}.Debug|x64.Build.0 = Debug|x64
		{A47FBADD-8C34-477E-BFC1-44892F302829}.Debug|x64.Deploy.0 = Debug|x64
		{A47FBADD-8C34-477E-BFC1-44892F302829}.Debug|x86.ActiveCfg = Debug|x86
		{A47FBADD-8C34-477E-BFC1-44892F302829}.Debug|x86.Build.0 = Debug|x86
		{A47FBADD-8C34-477E-BFC1-44892F302829}.Debug|x86.Deploy.0 = Debug|x86
		{A47FBADD-8C34-477E-BFC1-44892F302829}.Release Installer|Any CPU.ActiveCfg = Release|x86
		{A47FBADD-8C34-477E-BFC1-44892F302829}.Release Installer|ARM.ActiveCfg = Release|ARM
		{A47FBADD-8C34-477E-BFC1-44892F302829}.Release Installer|ARM.Build.0 = Release|ARM
		{A47FBADD-8C34-477E-BFC1-44892F302829}.Release Installer|ARM.Deploy.0 = Release|ARM
		{A47FBADD-8C34-477E-BFC1-44892F302829}.Release Installer|x64.ActiveCfg = Release|x64
		{A47FBADD-8C34-477E-BFC1-44892F302829}.Release Installer|x64.Build.0 = Release|x64
		{A47FBADD-8C34-477E-BFC1-44892F302829}.Release Installer|x64.Deploy.0 = Release|x64
		{A47FBADD-8C34-477E-BFC1-44892F302829}.Release Installer|x86.ActiveCfg = Release|x86
		{A47FBADD-8C34-477E-BFC1-44892F302829}.Release Installer|x86.Build.0 = Release|x86
		{A47FBADD-8C34-477E-BFC1-44892F302829}.Release Installer|x86.Deploy.0 = Release|x86
		{A47FBADD-8C34-477E-BFC1-44892F302829}.Release|Any CPU.ActiveCfg = Release|x86
		{A47FBADD-8C34-477E-BFC1-44892F302829}.Release|ARM.ActiveCfg = Release|ARM
		{A47FBADD-8C34-477E-BFC1-44892F302829}.Release|ARM.Build.0 = Release|ARM
		{A47FBADD-8C34-477E-BFC1-44892F302829}.Release|ARM.Deploy.0 = Release|ARM
		{A47FBADD-8C34-477E-BFC1-44892F302829}.Release|x64.ActiveCfg = Release|x64
		{A47FBADD-8C34-477E-BFC1-44892F302829}.Release|x64.Build.0 = Release|x64
		{A47FBADD-8C34-477E-BFC1-44892F302829}.Release|x64.Deploy.0 = Release|x64
		{A47FBADD-8C34-477E-BFC1-44892F302829}.Release|x86.ActiveCfg = Release|x86
		{A47FBADD-8C34-477E-BFC1-44892F302829}.Release|x86.Build.0 = Release|x86
		{A47FBADD-8C34-477E-BFC1-44892F302829}.Release|x86.Deploy.0 = Release|x86
		{9F0EB092-DDFC-492E-9266-EF208C8E4D83}.Debug|Any CPU.ActiveCfg = Debug|Any CPU
		{9F0EB092-DDFC-492E-9266-EF208C8E4D83}.Debug|Any CPU.Build.0 = Debug|Any CPU
		{9F0EB092-DDFC-492E-9266-EF208C8E4D83}.Debug|ARM.ActiveCfg = Debug|Any CPU
		{9F0EB092-DDFC-492E-9266-EF208C8E4D83}.Debug|ARM.Build.0 = Debug|Any CPU
		{9F0EB092-DDFC-492E-9266-EF208C8E4D83}.Debug|x64.ActiveCfg = Debug|Any CPU
		{9F0EB092-DDFC-492E-9266-EF208C8E4D83}.Debug|x64.Build.0 = Debug|Any CPU
		{9F0EB092-DDFC-492E-9266-EF208C8E4D83}.Debug|x86.ActiveCfg = Debug|Any CPU
		{9F0EB092-DDFC-492E-9266-EF208C8E4D83}.Debug|x86.Build.0 = Debug|Any CPU
		{9F0EB092-DDFC-492E-9266-EF208C8E4D83}.Release Installer|Any CPU.ActiveCfg = Release|Any CPU
		{9F0EB092-DDFC-492E-9266-EF208C8E4D83}.Release Installer|Any CPU.Build.0 = Release|Any CPU
		{9F0EB092-DDFC-492E-9266-EF208C8E4D83}.Release Installer|ARM.ActiveCfg = Release|Any CPU
		{9F0EB092-DDFC-492E-9266-EF208C8E4D83}.Release Installer|ARM.Build.0 = Release|Any CPU
		{9F0EB092-DDFC-492E-9266-EF208C8E4D83}.Release Installer|x64.ActiveCfg = Release|Any CPU
		{9F0EB092-DDFC-492E-9266-EF208C8E4D83}.Release Installer|x64.Build.0 = Release|Any CPU
		{9F0EB092-DDFC-492E-9266-EF208C8E4D83}.Release Installer|x86.ActiveCfg = Release|Any CPU
		{9F0EB092-DDFC-492E-9266-EF208C8E4D83}.Release Installer|x86.Build.0 = Release|Any CPU
		{9F0EB092-DDFC-492E-9266-EF208C8E4D83}.Release|Any CPU.ActiveCfg = Release|Any CPU
		{9F0EB092-DDFC-492E-9266-EF208C8E4D83}.Release|Any CPU.Build.0 = Release|Any CPU
		{9F0EB092-DDFC-492E-9266-EF208C8E4D83}.Release|ARM.ActiveCfg = Release|Any CPU
		{9F0EB092-DDFC-492E-9266-EF208C8E4D83}.Release|ARM.Build.0 = Release|Any CPU
		{9F0EB092-DDFC-492E-9266-EF208C8E4D83}.Release|x64.ActiveCfg = Release|Any CPU
		{9F0EB092-DDFC-492E-9266-EF208C8E4D83}.Release|x64.Build.0 = Release|Any CPU
		{9F0EB092-DDFC-492E-9266-EF208C8E4D83}.Release|x86.ActiveCfg = Release|Any CPU
		{9F0EB092-DDFC-492E-9266-EF208C8E4D83}.Release|x86.Build.0 = Release|Any CPU
		{82054A5B-3FE8-4DAD-82A4-BF301AA8CD05}.Debug|Any CPU.ActiveCfg = Debug|x86
		{82054A5B-3FE8-4DAD-82A4-BF301AA8CD05}.Debug|ARM.ActiveCfg = Debug|x86
		{82054A5B-3FE8-4DAD-82A4-BF301AA8CD05}.Debug|x64.ActiveCfg = Debug|x86
		{82054A5B-3FE8-4DAD-82A4-BF301AA8CD05}.Debug|x86.ActiveCfg = Debug|x86
		{82054A5B-3FE8-4DAD-82A4-BF301AA8CD05}.Debug|x86.Build.0 = Debug|x86
		{82054A5B-3FE8-4DAD-82A4-BF301AA8CD05}.Release Installer|Any CPU.ActiveCfg = Release|x86
		{82054A5B-3FE8-4DAD-82A4-BF301AA8CD05}.Release Installer|Any CPU.Build.0 = Release|x86
		{82054A5B-3FE8-4DAD-82A4-BF301AA8CD05}.Release Installer|ARM.ActiveCfg = Release|x86
		{82054A5B-3FE8-4DAD-82A4-BF301AA8CD05}.Release Installer|x64.ActiveCfg = Release|x86
		{82054A5B-3FE8-4DAD-82A4-BF301AA8CD05}.Release Installer|x86.ActiveCfg = Release|x86
		{82054A5B-3FE8-4DAD-82A4-BF301AA8CD05}.Release Installer|x86.Build.0 = Release|x86
		{82054A5B-3FE8-4DAD-82A4-BF301AA8CD05}.Release|Any CPU.ActiveCfg = Release|x86
		{82054A5B-3FE8-4DAD-82A4-BF301AA8CD05}.Release|ARM.ActiveCfg = Release|x86
		{82054A5B-3FE8-4DAD-82A4-BF301AA8CD05}.Release|x64.ActiveCfg = Release|x86
		{82054A5B-3FE8-4DAD-82A4-BF301AA8CD05}.Release|x86.ActiveCfg = Release|x86
		{82054A5B-3FE8-4DAD-82A4-BF301AA8CD05}.Release|x86.Build.0 = Release|x86
		{E4F0F4BC-DCEE-416E-AA43-457D51352F6B}.Debug|Any CPU.ActiveCfg = Debug|Any CPU
		{E4F0F4BC-DCEE-416E-AA43-457D51352F6B}.Debug|ARM.ActiveCfg = Debug|Any CPU
		{E4F0F4BC-DCEE-416E-AA43-457D51352F6B}.Debug|ARM.Build.0 = Debug|Any CPU
		{E4F0F4BC-DCEE-416E-AA43-457D51352F6B}.Debug|x64.ActiveCfg = Debug|Any CPU
		{E4F0F4BC-DCEE-416E-AA43-457D51352F6B}.Debug|x64.Build.0 = Debug|Any CPU
		{E4F0F4BC-DCEE-416E-AA43-457D51352F6B}.Debug|x86.ActiveCfg = Debug|Any CPU
		{E4F0F4BC-DCEE-416E-AA43-457D51352F6B}.Debug|x86.Build.0 = Debug|Any CPU
		{E4F0F4BC-DCEE-416E-AA43-457D51352F6B}.Release Installer|Any CPU.ActiveCfg = Release|Any CPU
		{E4F0F4BC-DCEE-416E-AA43-457D51352F6B}.Release Installer|Any CPU.Build.0 = Release|Any CPU
		{E4F0F4BC-DCEE-416E-AA43-457D51352F6B}.Release Installer|ARM.ActiveCfg = Release|Any CPU
		{E4F0F4BC-DCEE-416E-AA43-457D51352F6B}.Release Installer|ARM.Build.0 = Release|Any CPU
		{E4F0F4BC-DCEE-416E-AA43-457D51352F6B}.Release Installer|x64.ActiveCfg = Release|Any CPU
		{E4F0F4BC-DCEE-416E-AA43-457D51352F6B}.Release Installer|x64.Build.0 = Release|Any CPU
		{E4F0F4BC-DCEE-416E-AA43-457D51352F6B}.Release Installer|x86.ActiveCfg = Release|Any CPU
		{E4F0F4BC-DCEE-416E-AA43-457D51352F6B}.Release Installer|x86.Build.0 = Release|Any CPU
		{E4F0F4BC-DCEE-416E-AA43-457D51352F6B}.Release|Any CPU.ActiveCfg = Release|Any CPU
		{E4F0F4BC-DCEE-416E-AA43-457D51352F6B}.Release|ARM.ActiveCfg = Release|Any CPU
		{E4F0F4BC-DCEE-416E-AA43-457D51352F6B}.Release|ARM.Build.0 = Release|Any CPU
		{E4F0F4BC-DCEE-416E-AA43-457D51352F6B}.Release|x64.ActiveCfg = Release|Any CPU
		{E4F0F4BC-DCEE-416E-AA43-457D51352F6B}.Release|x64.Build.0 = Release|Any CPU
		{E4F0F4BC-DCEE-416E-AA43-457D51352F6B}.Release|x86.ActiveCfg = Release|Any CPU
		{E4F0F4BC-DCEE-416E-AA43-457D51352F6B}.Release|x86.Build.0 = Release|Any CPU
		{85D1B40D-719C-4116-8118-A304E1A2B293}.Debug|Any CPU.ActiveCfg = Debug|x86
		{85D1B40D-719C-4116-8118-A304E1A2B293}.Debug|ARM.ActiveCfg = Debug|x86
		{85D1B40D-719C-4116-8118-A304E1A2B293}.Debug|x64.ActiveCfg = Debug|x86
		{85D1B40D-719C-4116-8118-A304E1A2B293}.Debug|x86.ActiveCfg = Debug|x86
		{85D1B40D-719C-4116-8118-A304E1A2B293}.Debug|x86.Build.0 = Debug|x86
		{85D1B40D-719C-4116-8118-A304E1A2B293}.Release Installer|Any CPU.ActiveCfg = Release|x86
		{85D1B40D-719C-4116-8118-A304E1A2B293}.Release Installer|Any CPU.Build.0 = Release|x86
		{85D1B40D-719C-4116-8118-A304E1A2B293}.Release Installer|ARM.ActiveCfg = Release|x86
		{85D1B40D-719C-4116-8118-A304E1A2B293}.Release Installer|x64.ActiveCfg = Release|x86
		{85D1B40D-719C-4116-8118-A304E1A2B293}.Release Installer|x86.ActiveCfg = Release|x86
		{85D1B40D-719C-4116-8118-A304E1A2B293}.Release Installer|x86.Build.0 = Release|x86
		{85D1B40D-719C-4116-8118-A304E1A2B293}.Release|Any CPU.ActiveCfg = Release|x86
		{85D1B40D-719C-4116-8118-A304E1A2B293}.Release|ARM.ActiveCfg = Release|x86
		{85D1B40D-719C-4116-8118-A304E1A2B293}.Release|x64.ActiveCfg = Release|x86
		{85D1B40D-719C-4116-8118-A304E1A2B293}.Release|x86.ActiveCfg = Release|x86
		{85D1B40D-719C-4116-8118-A304E1A2B293}.Release|x86.Build.0 = Release|x86
		{EEE159CA-14BE-439C-9153-2B14004C1482}.Debug|Any CPU.ActiveCfg = Debug|Any CPU
		{EEE159CA-14BE-439C-9153-2B14004C1482}.Debug|ARM.ActiveCfg = Debug|Any CPU
		{EEE159CA-14BE-439C-9153-2B14004C1482}.Debug|ARM.Build.0 = Debug|Any CPU
		{EEE159CA-14BE-439C-9153-2B14004C1482}.Debug|x64.ActiveCfg = Debug|Any CPU
		{EEE159CA-14BE-439C-9153-2B14004C1482}.Debug|x64.Build.0 = Debug|Any CPU
		{EEE159CA-14BE-439C-9153-2B14004C1482}.Debug|x86.ActiveCfg = Debug|Any CPU
		{EEE159CA-14BE-439C-9153-2B14004C1482}.Debug|x86.Build.0 = Debug|Any CPU
		{EEE159CA-14BE-439C-9153-2B14004C1482}.Release Installer|Any CPU.ActiveCfg = Release|Any CPU
		{EEE159CA-14BE-439C-9153-2B14004C1482}.Release Installer|Any CPU.Build.0 = Release|Any CPU
		{EEE159CA-14BE-439C-9153-2B14004C1482}.Release Installer|ARM.ActiveCfg = Release|Any CPU
		{EEE159CA-14BE-439C-9153-2B14004C1482}.Release Installer|ARM.Build.0 = Release|Any CPU
		{EEE159CA-14BE-439C-9153-2B14004C1482}.Release Installer|x64.ActiveCfg = Release|Any CPU
		{EEE159CA-14BE-439C-9153-2B14004C1482}.Release Installer|x64.Build.0 = Release|Any CPU
		{EEE159CA-14BE-439C-9153-2B14004C1482}.Release Installer|x86.ActiveCfg = Release|Any CPU
		{EEE159CA-14BE-439C-9153-2B14004C1482}.Release Installer|x86.Build.0 = Release|Any CPU
		{EEE159CA-14BE-439C-9153-2B14004C1482}.Release|Any CPU.ActiveCfg = Release|Any CPU
		{EEE159CA-14BE-439C-9153-2B14004C1482}.Release|ARM.ActiveCfg = Release|Any CPU
		{EEE159CA-14BE-439C-9153-2B14004C1482}.Release|ARM.Build.0 = Release|Any CPU
		{EEE159CA-14BE-439C-9153-2B14004C1482}.Release|x64.ActiveCfg = Release|Any CPU
		{EEE159CA-14BE-439C-9153-2B14004C1482}.Release|x64.Build.0 = Release|Any CPU
		{EEE159CA-14BE-439C-9153-2B14004C1482}.Release|x86.ActiveCfg = Release|Any CPU
		{EEE159CA-14BE-439C-9153-2B14004C1482}.Release|x86.Build.0 = Release|Any CPU
		{C5AD027B-9937-4A9C-9A57-814693BCFE0C}.Debug|Any CPU.ActiveCfg = Debug|Any CPU
		{C5AD027B-9937-4A9C-9A57-814693BCFE0C}.Debug|ARM.ActiveCfg = Debug|Any CPU
		{C5AD027B-9937-4A9C-9A57-814693BCFE0C}.Debug|ARM.Build.0 = Debug|Any CPU
		{C5AD027B-9937-4A9C-9A57-814693BCFE0C}.Debug|x64.ActiveCfg = Debug|Any CPU
		{C5AD027B-9937-4A9C-9A57-814693BCFE0C}.Debug|x64.Build.0 = Debug|Any CPU
		{C5AD027B-9937-4A9C-9A57-814693BCFE0C}.Debug|x86.ActiveCfg = Debug|Any CPU
		{C5AD027B-9937-4A9C-9A57-814693BCFE0C}.Debug|x86.Build.0 = Debug|Any CPU
		{C5AD027B-9937-4A9C-9A57-814693BCFE0C}.Release Installer|Any CPU.ActiveCfg = Release|Any CPU
		{C5AD027B-9937-4A9C-9A57-814693BCFE0C}.Release Installer|Any CPU.Build.0 = Release|Any CPU
		{C5AD027B-9937-4A9C-9A57-814693BCFE0C}.Release Installer|ARM.ActiveCfg = Release|Any CPU
		{C5AD027B-9937-4A9C-9A57-814693BCFE0C}.Release Installer|ARM.Build.0 = Release|Any CPU
		{C5AD027B-9937-4A9C-9A57-814693BCFE0C}.Release Installer|x64.ActiveCfg = Release|Any CPU
		{C5AD027B-9937-4A9C-9A57-814693BCFE0C}.Release Installer|x64.Build.0 = Release|Any CPU
		{C5AD027B-9937-4A9C-9A57-814693BCFE0C}.Release Installer|x86.ActiveCfg = Release|Any CPU
		{C5AD027B-9937-4A9C-9A57-814693BCFE0C}.Release Installer|x86.Build.0 = Release|Any CPU
		{C5AD027B-9937-4A9C-9A57-814693BCFE0C}.Release|Any CPU.ActiveCfg = Release|Any CPU
		{C5AD027B-9937-4A9C-9A57-814693BCFE0C}.Release|ARM.ActiveCfg = Release|Any CPU
		{C5AD027B-9937-4A9C-9A57-814693BCFE0C}.Release|ARM.Build.0 = Release|Any CPU
		{C5AD027B-9937-4A9C-9A57-814693BCFE0C}.Release|x64.ActiveCfg = Release|Any CPU
		{C5AD027B-9937-4A9C-9A57-814693BCFE0C}.Release|x64.Build.0 = Release|Any CPU
		{C5AD027B-9937-4A9C-9A57-814693BCFE0C}.Release|x86.ActiveCfg = Release|Any CPU
		{C5AD027B-9937-4A9C-9A57-814693BCFE0C}.Release|x86.Build.0 = Release|Any CPU
	EndGlobalSection
	GlobalSection(SolutionProperties) = preSolution
		HideSolutionNode = FALSE
	EndGlobalSection
	GlobalSection(NestedProjects) = preSolution
		{AB848ECD-76AA-41C0-B63D-86A8591B25AA} = {65847316-DFF7-497E-8542-B1F5E75803A1}
		{9DD597C6-065A-4764-A96C-1B18C4EDED78} = {65847316-DFF7-497E-8542-B1F5E75803A1}
		{82054A5B-3FE8-4DAD-82A4-BF301AA8CD05} = {FCB7F152-56CD-4D8D-B6C5-187CB5BACE57}
		{E4F0F4BC-DCEE-416E-AA43-457D51352F6B} = {FCB7F152-56CD-4D8D-B6C5-187CB5BACE57}
		{85D1B40D-719C-4116-8118-A304E1A2B293} = {FCB7F152-56CD-4D8D-B6C5-187CB5BACE57}
		{EEE159CA-14BE-439C-9153-2B14004C1482} = {FCB7F152-56CD-4D8D-B6C5-187CB5BACE57}
		{C5AD027B-9937-4A9C-9A57-814693BCFE0C} = {FCB7F152-56CD-4D8D-B6C5-187CB5BACE57}
	EndGlobalSection
EndGlobal
